{
  "version": 4,
  "terraform_version": "0.13.3",
  "serial": 2,
  "lineage": "2e23fec2-fb95-7b86-c7da-b2d9c35c8090",
  "outputs": {
    "widget": {
      "value": "eternal-fish",
      "type": "string"
    }
  },
  "resources": [
    {
      "mode": "managed",
      "type": "random_pet",
      "name": "widget",
      "provider": "provider[\"registry.terraform.io/hashicorp/random\"]",
      "instances": [
        {
          "schema_version": 0,
          "attributes": {
            "id": "eternal-fish",
            "keepers": null,
            "length": 2,
            "prefix": null,
            "separator": "-"
          },
          "private": "bnVsbA=="
        }
      ]
    }
  ]
}
